
Microsoft Visual Studio Solution File, Format Version 12.00
# Visual Studio 15
VisualStudioVersion = 15.0.26124.0
MinimumVisualStudioVersion = 15.0.26124.0
Project("{FAE04EC0-301F-11D3-BF4B-00C04F79EFBC}") = "ProAgil.WebAPI", "ProAgil.WebAPI\ProAgil.WebAPI.csproj", "{AEF850A8-B866-49FF-9151-27018913C96D}"
EndProject
Project("{FAE04EC0-301F-11D3-BF4B-00C04F79EFBC}") = "ProAgil.Repository", "ProAgil.Repository\ProAgil.Repository.csproj", "{A0CF4D37-71BE-4BCA-A8A5-40803D8C8514}"
EndProject
Project("{FAE04EC0-301F-11D3-BF4B-00C04F79EFBC}") = "ProAgil.Domain", "ProAgil.Domain\ProAgil.Domain.csproj", "{AFE8D56B-70E4-4D12-940D-C486DB21F34C}"
EndProject
Global
	GlobalSection(SolutionConfigurationPlatforms) = preSolution
		Debug|Any CPU = Debug|Any CPU
		Debug|x64 = Debug|x64
		Debug|x86 = Debug|x86
		Release|Any CPU = Release|Any CPU
		Release|x64 = Release|x64
		Release|x86 = Release|x86
	EndGlobalSection
	GlobalSection(SolutionProperties) = preSolution
		HideSolutionNode = FALSE
	EndGlobalSection
	GlobalSection(ProjectConfigurationPlatforms) = postSolution
		{AEF850A8-B866-49FF-9151-27018913C96D}.Debug|Any CPU.ActiveCfg = Debug|Any CPU
		{AEF850A8-B866-49FF-9151-27018913C96D}.Debug|Any CPU.Build.0 = Debug|Any CPU
		{AEF850A8-B866-49FF-9151-27018913C96D}.Debug|x64.ActiveCfg = Debug|Any CPU
		{AEF850A8-B866-49FF-9151-27018913C96D}.Debug|x64.Build.0 = Debug|Any CPU
		{AEF850A8-B866-49FF-9151-27018913C96D}.Debug|x86.ActiveCfg = Debug|Any CPU
		{AEF850A8-B866-49FF-9151-27018913C96D}.Debug|x86.Build.0 = Debug|Any CPU
		{AEF850A8-B866-49FF-9151-27018913C96D}.Release|Any CPU.ActiveCfg = Release|Any CPU
		{AEF850A8-B866-49FF-9151-27018913C96D}.Release|Any CPU.Build.0 = Release|Any CPU
		{AEF850A8-B866-49FF-9151-27018913C96D}.Release|x64.ActiveCfg = Release|Any CPU
		{AEF850A8-B866-49FF-9151-27018913C96D}.Release|x64.Build.0 = Release|Any CPU
		{AEF850A8-B866-49FF-9151-27018913C96D}.Release|x86.ActiveCfg = Release|Any CPU
		{AEF850A8-B866-49FF-9151-27018913C96D}.Release|x86.Build.0 = Release|Any CPU
		{A0CF4D37-71BE-4BCA-A8A5-40803D8C8514}.Debug|Any CPU.ActiveCfg = Debug|Any CPU
		{A0CF4D37-71BE-4BCA-A8A5-40803D8C8514}.Debug|Any CPU.Build.0 = Debug|Any CPU
		{A0CF4D37-71BE-4BCA-A8A5-40803D8C8514}.Debug|x64.ActiveCfg = Debug|Any CPU
		{A0CF4D37-71BE-4BCA-A8A5-40803D8C8514}.Debug|x64.Build.0 = Debug|Any CPU
		{A0CF4D37-71BE-4BCA-A8A5-40803D8C8514}.Debug|x86.ActiveCfg = Debug|Any CPU
		{A0CF4D37-71BE-4BCA-A8A5-40803D8C8514}.Debug|x86.Build.0 = Debug|Any CPU
		{A0CF4D37-71BE-4BCA-A8A5-40803D8C8514}.Release|Any CPU.ActiveCfg = Release|Any CPU
		{A0CF4D37-71BE-4BCA-A8A5-40803D8C8514}.Release|Any CPU.Build.0 = Release|Any CPU
		{A0CF4D37-71BE-4BCA-A8A5-40803D8C8514}.Release|x64.ActiveCfg = Release|Any CPU
		{A0CF4D37-71BE-4BCA-A8A5-40803D8C8514}.Release|x64.Build.0 = Release|Any CPU
		{A0CF4D37-71BE-4BCA-A8A5-40803D8C8514}.Release|x86.ActiveCfg = Release|Any CPU
		{A0CF4D37-71BE-4BCA-A8A5-40803D8C8514}.Release|x86.Build.0 = Release|Any CPU
		{AFE8D56B-70E4-4D12-940D-C486DB21F34C}.Debug|Any CPU.ActiveCfg = Debug|Any CPU
		{AFE8D56B-70E4-4D12-940D-C486DB21F34C}.Debug|Any CPU.Build.0 = Debug|Any CPU
		{AFE8D56B-70E4-4D12-940D-C486DB21F34C}.Debug|x64.ActiveCfg = Debug|Any CPU
		{AFE8D56B-70E4-4D12-940D-C486DB21F34C}.Debug|x64.Build.0 = Debug|Any CPU
		{AFE8D56B-70E4-4D12-940D-C486DB21F34C}.Debug|x86.ActiveCfg = Debug|Any CPU
		{AFE8D56B-70E4-4D12-940D-C486DB21F34C}.Debug|x86.Build.0 = Debug|Any CPU
		{AFE8D56B-70E4-4D12-940D-C486DB21F34C}.Release|Any CPU.ActiveCfg = Release|Any CPU
		{AFE8D56B-70E4-4D12-940D-C486DB21F34C}.Release|Any CPU.Build.0 = Release|Any CPU
		{AFE8D56B-70E4-4D12-940D-C486DB21F34C}.Release|x64.ActiveCfg = Release|Any CPU
		{AFE8D56B-70E4-4D12-940D-C486DB21F34C}.Release|x64.Build.0 = Release|Any CPU
		{AFE8D56B-70E4-4D12-940D-C486DB21F34C}.Release|x86.ActiveCfg = Release|Any CPU
		{AFE8D56B-70E4-4D12-940D-C486DB21F34C}.Release|x86.Build.0 = Release|Any CPU
	EndGlobalSection
EndGlobal
